
Microsoft Visual Studio Solution File, Format Version 12.00
# Visual Studio Version 17
VisualStudioVersion = 17.2.32630.192
MinimumVisualStudioVersion = 10.0.40219.1
Project("{FAE04EC0-301F-11D3-BF4B-00C04F79EFBC}") = "Billing", "Billing\Billing.csproj", "{A5723C5D-0928-4854-A7F7-66F72920C4C7}"
EndProject
Project("{FAE04EC0-301F-11D3-BF4B-00C04F79EFBC}") = "Billing.DAL", "Billing.DAL\Billing.DAL.csproj", "{F5EBD868-B399-4DF8-9632-F9DEA9F8905E}"
EndProject
Project("{FAE04EC0-301F-11D3-BF4B-00C04F79EFBC}") = "Billing.BLL", "Billing.BLL\Billing.BLL.csproj", "{87B2DF00-CDC6-4B75-9A6A-57453EED8558}"
EndProject
Global
	GlobalSection(SolutionConfigurationPlatforms) = preSolution
		Debug|Any CPU = Debug|Any CPU
		Release|Any CPU = Release|Any CPU
	EndGlobalSection
	GlobalSection(ProjectConfigurationPlatforms) = postSolution
		{A5723C5D-0928-4854-A7F7-66F72920C4C7}.Debug|Any CPU.ActiveCfg = Debug|Any CPU
		{A5723C5D-0928-4854-A7F7-66F72920C4C7}.Debug|Any CPU.Build.0 = Debug|Any CPU
		{A5723C5D-0928-4854-A7F7-66F72920C4C7}.Release|Any CPU.ActiveCfg = Release|Any CPU
		{A5723C5D-0928-4854-A7F7-66F72920C4C7}.Release|Any CPU.Build.0 = Release|Any CPU
		{F5EBD868-B399-4DF8-9632-F9DEA9F8905E}.Debug|Any CPU.ActiveCfg = Debug|Any CPU
		{F5EBD868-B399-4DF8-9632-F9DEA9F8905E}.Debug|Any CPU.Build.0 = Debug|Any CPU
		{F5EBD868-B399-4DF8-9632-F9DEA9F8905E}.Release|Any CPU.ActiveCfg = Release|Any CPU
		{F5EBD868-B399-4DF8-9632-F9DEA9F8905E}.Release|Any CPU.Build.0 = Release|Any CPU
		{87B2DF00-CDC6-4B75-9A6A-57453EED8558}.Debug|Any CPU.ActiveCfg = Debug|Any CPU
		{87B2DF00-CDC6-4B75-9A6A-57453EED8558}.Debug|Any CPU.Build.0 = Debug|Any CPU
		{87B2DF00-CDC6-4B75-9A6A-57453EED8558}.Release|Any CPU.ActiveCfg = Release|Any CPU
		{87B2DF00-CDC6-4B75-9A6A-57453EED8558}.Release|Any CPU.Build.0 = Release|Any CPU
	EndGlobalSection
	GlobalSection(SolutionProperties) = preSolution
		HideSolutionNode = FALSE
	EndGlobalSection
	GlobalSection(ExtensibilityGlobals) = postSolution
		SolutionGuid = {EDC3391C-1A8E-4012-A90D-FE44827DD153}
	EndGlobalSection
EndGlobal
